
Microsoft Visual Studio Solution File, Format Version 12.00
# Visual Studio Version 16
VisualStudioVersion = 16.0.30621.155
MinimumVisualStudioVersion = 10.0.40219.1
Project("{FAE04EC0-301F-11D3-BF4B-00C04F79EFBC}") = "ConsoleApp5new", "ConsoleApp5new\ConsoleApp5new.csproj", "{FB6392BC-902B-4C06-91E5-92593A882699}"
EndProject
Global
	GlobalSection(SolutionConfigurationPlatforms) = preSolution
		Debug|Any CPU = Debug|Any CPU
		Release|Any CPU = Release|Any CPU
	EndGlobalSection
	GlobalSection(ProjectConfigurationPlatforms) = postSolution
		{FB6392BC-902B-4C06-91E5-92593A882699}.Debug|Any CPU.ActiveCfg = Debug|Any CPU
		{FB6392BC-902B-4C06-91E5-92593A882699}.Debug|Any CPU.Build.0 = Debug|Any CPU
		{FB6392BC-902B-4C06-91E5-92593A882699}.Release|Any CPU.ActiveCfg = Release|Any CPU
		{FB6392BC-902B-4C06-91E5-92593A882699}.Release|Any CPU.Build.0 = Release|Any CPU
	EndGlobalSection
	GlobalSection(SolutionProperties) = preSolution
		HideSolutionNode = FALSE
	EndGlobalSection
	GlobalSection(ExtensibilityGlobals) = postSolution
		SolutionGuid = {FCA853AB-9FCB-4AD4-8E74-98EE38E29472}
	EndGlobalSection
EndGlobal
